schema: '2.0'
stages:
  load_data:
    cmd: python src/load_data.py --config=params.yaml
    deps:
    - path: data_given/winequality.csv
      md5: ccc8d3507eb151f53f760d36abdef888
      size: 91998
    - path: src/get_data.py
      md5: 5ba5cb0809f1d295763b3a9170926036
      size: 655
    - path: src/load_data.py
      md5: 0bc5ee64b08b32deab481c7d95c616f1
      size: 654
    outs:
    - path: data/raw/winequality.csv
      md5: d98e8f2eca228c11c4de1cc96866a54d
      size: 93598
