schema: '2.0'
stages:
  load_data:
    cmd: python src/load_data.py --config=params.yaml
    deps:
    - path: data_given/winequality.csv
      md5: ccc8d3507eb151f53f760d36abdef888
      size: 91998
    - path: src/get_data.py
      md5: 1aecc8367b20f61aaf13f9f8dd03e57d
      size: 663
    - path: src/load_data.py
      md5: 38a2765d25b5bd8ffa7257327c053a4a
      size: 662
    outs:
    - path: data/raw/winequality.csv
      md5: d98e8f2eca228c11c4de1cc96866a54d
      size: 93598
